
Microsoft Visual Studio Solution File, Format Version 12.00
# Visual Studio 2013
VisualStudioVersion = 12.0.21005.1
MinimumVisualStudioVersion = 10.0.40219.1
Project("{FAE04EC0-301F-11D3-BF4B-00C04F79EFBC}") = "ClassLibrarySkema", "ClassLibrarySkema\ClassLibrarySkema.csproj", "{7B1CD93F-228E-4A58-BC2F-CFA21BA03FE9}"
EndProject
Project("{FAE04EC0-301F-11D3-BF4B-00C04F79EFBC}") = "ConsoleApplicationSkema", "ConsoleApplicationSkema\ConsoleApplicationSkema.csproj", "{99E6BC83-F354-4957-99E8-07431D5E73E6}"
EndProject
Project("{FAE04EC0-301F-11D3-BF4B-00C04F79EFBC}") = "UnitTestSchemaProject", "UnitTestSchemaProject\UnitTestSchemaProject.csproj", "{622D70DA-943F-4FCE-8898-67D4A6072158}"
EndProject
Project("{FAE04EC0-301F-11D3-BF4B-00C04F79EFBC}") = "GUISchemaPlanner", "GUISchemaPlanner\GUISchemaPlanner.csproj", "{AF154C49-8B94-4ECA-A320-CF12E9071D24}"
EndProject
Global
	GlobalSection(SolutionConfigurationPlatforms) = preSolution
		Debug|Any CPU = Debug|Any CPU
		Release|Any CPU = Release|Any CPU
	EndGlobalSection
	GlobalSection(ProjectConfigurationPlatforms) = postSolution
		{7B1CD93F-228E-4A58-BC2F-CFA21BA03FE9}.Debug|Any CPU.ActiveCfg = Debug|Any CPU
		{7B1CD93F-228E-4A58-BC2F-CFA21BA03FE9}.Debug|Any CPU.Build.0 = Debug|Any CPU
		{7B1CD93F-228E-4A58-BC2F-CFA21BA03FE9}.Release|Any CPU.ActiveCfg = Release|Any CPU
		{7B1CD93F-228E-4A58-BC2F-CFA21BA03FE9}.Release|Any CPU.Build.0 = Release|Any CPU
		{99E6BC83-F354-4957-99E8-07431D5E73E6}.Debug|Any CPU.ActiveCfg = Debug|Any CPU
		{99E6BC83-F354-4957-99E8-07431D5E73E6}.Debug|Any CPU.Build.0 = Debug|Any CPU
		{99E6BC83-F354-4957-99E8-07431D5E73E6}.Release|Any CPU.ActiveCfg = Release|Any CPU
		{99E6BC83-F354-4957-99E8-07431D5E73E6}.Release|Any CPU.Build.0 = Release|Any CPU
		{622D70DA-943F-4FCE-8898-67D4A6072158}.Debug|Any CPU.ActiveCfg = Debug|Any CPU
		{622D70DA-943F-4FCE-8898-67D4A6072158}.Debug|Any CPU.Build.0 = Debug|Any CPU
		{622D70DA-943F-4FCE-8898-67D4A6072158}.Release|Any CPU.ActiveCfg = Release|Any CPU
		{622D70DA-943F-4FCE-8898-67D4A6072158}.Release|Any CPU.Build.0 = Release|Any CPU
		{AF154C49-8B94-4ECA-A320-CF12E9071D24}.Debug|Any CPU.ActiveCfg = Debug|Any CPU
		{AF154C49-8B94-4ECA-A320-CF12E9071D24}.Debug|Any CPU.Build.0 = Debug|Any CPU
		{AF154C49-8B94-4ECA-A320-CF12E9071D24}.Release|Any CPU.ActiveCfg = Release|Any CPU
		{AF154C49-8B94-4ECA-A320-CF12E9071D24}.Release|Any CPU.Build.0 = Release|Any CPU
	EndGlobalSection
	GlobalSection(SolutionProperties) = preSolution
		HideSolutionNode = FALSE
	EndGlobalSection
EndGlobal
